
Microsoft Visual Studio Solution File, Format Version 12.00
# Visual Studio Version 16
VisualStudioVersion = 16.0.29609.76
MinimumVisualStudioVersion = 10.0.40219.1
Project("{FAE04EC0-301F-11D3-BF4B-00C04F79EFBC}") = "RentCarSystem", "RentCarSystem\RentCarSystem.csproj", "{74AB0C60-C9A1-4544-B6AE-4E6763DB83FB}"
EndProject
Global
	GlobalSection(SolutionConfigurationPlatforms) = preSolution
		Debug|Any CPU = Debug|Any CPU
		Release|Any CPU = Release|Any CPU
	EndGlobalSection
	GlobalSection(ProjectConfigurationPlatforms) = postSolution
		{74AB0C60-C9A1-4544-B6AE-4E6763DB83FB}.Debug|Any CPU.ActiveCfg = Debug|Any CPU
		{74AB0C60-C9A1-4544-B6AE-4E6763DB83FB}.Debug|Any CPU.Build.0 = Debug|Any CPU
		{74AB0C60-C9A1-4544-B6AE-4E6763DB83FB}.Release|Any CPU.ActiveCfg = Release|Any CPU
		{74AB0C60-C9A1-4544-B6AE-4E6763DB83FB}.Release|Any CPU.Build.0 = Release|Any CPU
	EndGlobalSection
	GlobalSection(SolutionProperties) = preSolution
		HideSolutionNode = FALSE
	EndGlobalSection
	GlobalSection(ExtensibilityGlobals) = postSolution
		SolutionGuid = {B8DA34FB-FC42-43BC-A9D5-52734B4A28B5}
	EndGlobalSection
	GlobalSection(TeamFoundationVersionControl) = preSolution
		SccNumberOfProjects = 2
		SccEnterpriseProvider = {4CA58AB2-18FA-4F8D-95D4-32DDF27D184C}
		SccTeamFoundationServer = https://dev.azure.com/harun199688
		SccLocalPath0 = .
		SccProjectUniqueName1 = RentCarSystem\\RentCarSystem.csproj
		SccProjectName1 = RentCarSystem
		SccLocalPath1 = RentCarSystem
	EndGlobalSection
EndGlobal
